{
  "name": "lottie-editor",
  "lockfileVersion": 3,
  "requires": true,
  "packages": {
    "": {
      "dependencies": {
        "use-dark-mode": "^2.3.1"
      }
    },
    "node_modules/@use-it/event-listener": {
      "version": "0.1.7",
      "resolved": "https://registry.npmjs.org/@use-it/event-listener/-/event-listener-0.1.7.tgz",
      "integrity": "sha512-hgfExDzUU9uTRTPDCpw2s9jWTxcxmpJya3fK5ADpf5VDpSy8WYwY/kh28XE0tUcbsljeP8wfan48QvAQTSSa3Q==",
      "license": "MIT",
      "peerDependencies": {
        "react": ">=16.8.0"
      }
    },
    "node_modules/use-dark-mode": {
      "version": "2.3.1",
      "resolved": "https://registry.npmjs.org/use-dark-mode/-/use-dark-mode-2.3.1.tgz",
      "integrity": "sha512-hmcdJR96tTustRQdaQwe6jMrZHnmPqXBxgy4jaQ4gsfhwajsCpjECuq9prgDe9XxMx/f9r96o2/md6O4Lwhwjg==",
      "license": "MIT",
      "dependencies": {
        "@use-it/event-listener": "^0.1.2",
        "use-persisted-state": "^0.3.0"
      },
      "peerDependencies": {
        "react": "^16.8.0"
      }
    },
    "node_modules/use-persisted-state": {
      "version": "0.3.3",
      "resolved": "https://registry.npmjs.org/use-persisted-state/-/use-persisted-state-0.3.3.tgz",
      "integrity": "sha512-pCNlvYC8+XjRxwnIut4teGC9f2p9aD88R8OGseQGZa2dvqG/h1vEGk1vRE1IZG0Vf161UDpn+NlW4+UGubQflQ==",
      "license": "MIT",
      "dependencies": {
        "@use-it/event-listener": "^0.1.2"
      },
      "peerDependencies": {
        "react": "^16.8.0 || ^17.0.0"
      }
    }
  }
}
